// !$*UTF8*$!
{
	archiveVersion = 1;
	classes = {
	};
	objectVersion = 50;
	objects = {

/* Begin PBXBuildFile section */
		CD1086342184182800B59D04 /* AppDelegate.m in Sources */ = {isa = PBXBuildFile; fileRef = CD1086332184182800B59D04 /* AppDelegate.m */; };
		CD1086372184182800B59D04 /* ViewController.m in Sources */ = {isa = PBXBuildFile; fileRef = CD1086362184182800B59D04 /* ViewController.m */; };
		CD10863A2184182800B59D04 /* Main.storyboard in Resources */ = {isa = PBXBuildFile; fileRef = CD1086382184182800B59D04 /* Main.storyboard */; };
		CD10863C2184182F00B59D04 /* Assets.xcassets in Resources */ = {isa = PBXBuildFile; fileRef = CD10863B2184182F00B59D04 /* Assets.xcassets */; };
		CD10863F2184182F00B59D04 /* LaunchScreen.storyboard in Resources */ = {isa = PBXBuildFile; fileRef = CD10863D2184182F00B59D04 /* LaunchScreen.storyboard */; };
		CD1086422184182F00B59D04 /* main.m in Sources */ = {isa = PBXBuildFile; fileRef = CD1086412184182F00B59D04 /* main.m */; };
		CD10864C2184182F00B59D04 /* AfterLoadTests.m in Sources */ = {isa = PBXBuildFile; fileRef = CD10864B2184182F00B59D04 /* AfterLoadTests.m */; };
		CD1086572184182F00B59D04 /* AfterLoadUITests.m in Sources */ = {isa = PBXBuildFile; fileRef = CD1086562184182F00B59D04 /* AfterLoadUITests.m */; };
/* End PBXBuildFile section */

/* Begin PBXContainerItemProxy section */
		CD1086482184182F00B59D04 /* PBXContainerItemProxy */ = {
			isa = PBXContainerItemProxy;
			containerPortal = CD1086272184182800B59D04 /* Project object */;
			proxyType = 1;
			remoteGlobalIDString = CD10862E2184182800B59D04;
			remoteInfo = AfterLoad;
		};
		CD1086532184182F00B59D04 /* PBXContainerItemProxy */ = {
			isa = PBXContainerItemProxy;
			containerPortal = CD1086272184182800B59D04 /* Project object */;
			proxyType = 1;
			remoteGlobalIDString = CD10862E2184182800B59D04;
			remoteInfo = AfterLoad;
		};
/* End PBXContainerItemProxy section */

/* Begin PBXFileReference section */
		CD10862F2184182800B59D04 /* AfterLoad.app */ = {isa = PBXFileReference; explicitFileType = wrapper.application; includeInIndex = 0; path = AfterLoad.app; sourceTree = BUILT_PRODUCTS_DIR; };
		CD1086322184182800B59D04 /* AppDelegate.h */ = {isa = PBXFileReference; lastKnownFileType = sourcecode.c.h; path = AppDelegate.h; sourceTree = "<group>"; };
		CD1086332184182800B59D04 /* AppDelegate.m */ = {isa = PBXFileReference; lastKnownFileType = sourcecode.c.objc; path = AppDelegate.m; sourceTree = "<group>"; };
		CD1086352184182800B59D04 /* ViewController.h */ = {isa = PBXFileReference; lastKnownFileType = sourcecode.c.h; path = ViewController.h; sourceTree = "<group>"; };
		CD1086362184182800B59D04 /* ViewController.m */ = {isa = PBXFileReference; lastKnownFileType = sourcecode.c.objc; path = ViewController.m; sourceTree = "<group>"; };
		CD1086392184182800B59D04 /* Base */ = {isa = PBXFileReference; lastKnownFileType = file.storyboard; name = Base; path = Base.lproj/Main.storyboard; sourceTree = "<group>"; };
		CD10863B2184182F00B59D04 /* Assets.xcassets */ = {isa = PBXFileReference; lastKnownFileType = folder.assetcatalog; path = Assets.xcassets; sourceTree = "<group>"; };
		CD10863E2184182F00B59D04 /* Base */ = {isa = PBXFileReference; lastKnownFileType = file.storyboard; name = Base; path = Base.lproj/LaunchScreen.storyboard; sourceTree = "<group>"; };
		CD1086402184182F00B59D04 /* Info.plist */ = {isa = PBXFileReference; lastKnownFileType = text.plist.xml; path = Info.plist; sourceTree = "<group>"; };
		CD1086412184182F00B59D04 /* main.m */ = {isa = PBXFileReference; lastKnownFileType = sourcecode.c.objc; path = main.m; sourceTree = "<group>"; };
		CD1086472184182F00B59D04 /* AfterLoadTests.xctest */ = {isa = PBXFileReference; explicitFileType = wrapper.cfbundle; includeInIndex = 0; path = AfterLoadTests.xctest; sourceTree = BUILT_PRODUCTS_DIR; };
		CD10864B2184182F00B59D04 /* AfterLoadTests.m */ = {isa = PBXFileReference; lastKnownFileType = sourcecode.c.objc; path = AfterLoadTests.m; sourceTree = "<group>"; };
		CD10864D2184182F00B59D04 /* Info.plist */ = {isa = PBXFileReference; lastKnownFileType = text.plist.xml; path = Info.plist; sourceTree = "<group>"; };
		CD1086522184182F00B59D04 /* AfterLoadUITests.xctest */ = {isa = PBXFileReference; explicitFileType = wrapper.cfbundle; includeInIndex = 0; path = AfterLoadUITests.xctest; sourceTree = BUILT_PRODUCTS_DIR; };
		CD1086562184182F00B59D04 /* AfterLoadUITests.m */ = {isa = PBXFileReference; lastKnownFileType = sourcecode.c.objc; path = AfterLoadUITests.m; sourceTree = "<group>"; };
		CD1086582184182F00B59D04 /* Info.plist */ = {isa = PBXFileReference; lastKnownFileType = text.plist.xml; path = Info.plist; sourceTree = "<group>"; };
/* End PBXFileReference section */

/* Begin PBXFrameworksBuildPhase section */
		CD10862C2184182800B59D04 /* Frameworks */ = {
			isa = PBXFrameworksBuildPhase;
			buildActionMask = 2147483647;
			files = (
			);
			runOnlyForDeploymentPostprocessing = 0;
		};
		CD1086442184182F00B59D04 /* Frameworks */ = {
			isa = PBXFrameworksBuildPhase;
			buildActionMask = 2147483647;
			files = (
			);
			runOnlyForDeploymentPostprocessing = 0;
		};
		CD10864F2184182F00B59D04 /* Frameworks */ = {
			isa = PBXFrameworksBuildPhase;
			buildActionMask = 2147483647;
			files = (
			);
			runOnlyForDeploymentPostprocessing = 0;
		};
/* End PBXFrameworksBuildPhase section */

/* Begin PBXGroup section */
		CD1086262184182800B59D04 = {
			isa = PBXGroup;
			children = (
				CD1086312184182800B59D04 /* AfterLoad */,
				CD10864A2184182F00B59D04 /* AfterLoadTests */,
				CD1086552184182F00B59D04 /* AfterLoadUITests */,
				CD1086302184182800B59D04 /* Products */,
			);
			sourceTree = "<group>";
		};
		CD1086302184182800B59D04 /* Products */ = {
			isa = PBXGroup;
			children = (
				CD10862F2184182800B59D04 /* AfterLoad.app */,
				CD1086472184182F00B59D04 /* AfterLoadTests.xctest */,
				CD1086522184182F00B59D04 /* AfterLoadUITests.xctest */,
			);
			name = Products;
			sourceTree = "<group>";
		};
		CD1086312184182800B59D04 /* AfterLoad */ = {
			isa = PBXGroup;
			children = (
				CD1086322184182800B59D04 /* AppDelegate.h */,
				CD1086332184182800B59D04 /* AppDelegate.m */,
				CD1086352184182800B59D04 /* ViewController.h */,
				CD1086362184182800B59D04 /* ViewController.m */,
				CD1086382184182800B59D04 /* Main.storyboard */,
				CD10863B2184182F00B59D04 /* Assets.xcassets */,
				CD10863D2184182F00B59D04 /* LaunchScreen.storyboard */,
				CD1086402184182F00B59D04 /* Info.plist */,
				CD1086412184182F00B59D04 /* main.m */,
			);
			path = AfterLoad;
			sourceTree = "<group>";
		};
		CD10864A2184182F00B59D04 /* AfterLoadTests */ = {
			isa = PBXGroup;
			children = (
				CD10864B2184182F00B59D04 /* AfterLoadTests.m */,
				CD10864D2184182F00B59D04 /* Info.plist */,
			);
			path = AfterLoadTests;
			sourceTree = "<group>";
		};
		CD1086552184182F00B59D04 /* AfterLoadUITests */ = {
			isa = PBXGroup;
			children = (
				CD1086562184182F00B59D04 /* AfterLoadUITests.m */,
				CD1086582184182F00B59D04 /* Info.plist */,
			);
			path = AfterLoadUITests;
			sourceTree = "<group>";
		};
/* End PBXGroup section */

/* Begin PBXNativeTarget section */
		CD10862E2184182800B59D04 /* AfterLoad */ = {
			isa = PBXNativeTarget;
			buildConfigurationList = CD10865B2184182F00B59D04 /* Build configuration list for PBXNativeTarget "AfterLoad" */;
			buildPhases = (
				CD10862B2184182800B59D04 /* Sources */,
				CD10862C2184182800B59D04 /* Frameworks */,
				CD10862D2184182800B59D04 /* Resources */,
			);
			buildRules = (
			);
			dependencies = (
			);
			name = AfterLoad;
			productName = AfterLoad;
			productReference = CD10862F2184182800B59D04 /* AfterLoad.app */;
			productType = "com.apple.product-type.application";
		};
		CD1086462184182F00B59D04 /* AfterLoadTests */ = {
			isa = PBXNativeTarget;
			buildConfigurationList = CD10865E2184182F00B59D04 /* Build configuration list for PBXNativeTarget "AfterLoadTests" */;
			buildPhases = (
				CD1086432184182F00B59D04 /* Sources */,
				CD1086442184182F00B59D04 /* Frameworks */,
				CD1086452184182F00B59D04 /* Resources */,
			);
			buildRules = (
			);
			dependencies = (
				CD1086492184182F00B59D04 /* PBXTargetDependency */,
			);
			name = AfterLoadTests;
			productName = AfterLoadTests;
			productReference = CD1086472184182F00B59D04 /* AfterLoadTests.xctest */;
			productType = "com.apple.product-type.bundle.unit-test";
		};
		CD1086512184182F00B59D04 /* AfterLoadUITests */ = {
			isa = PBXNativeTarget;
			buildConfigurationList = CD1086612184182F00B59D04 /* Build configuration list for PBXNativeTarget "AfterLoadUITests" */;
			buildPhases = (
				CD10864E2184182F00B59D04 /* Sources */,
				CD10864F2184182F00B59D04 /* Frameworks */,
				CD1086502184182F00B59D04 /* Resources */,
			);
			buildRules = (
			);
			dependencies = (
				CD1086542184182F00B59D04 /* PBXTargetDependency */,
			);
			name = AfterLoadUITests;
			productName = AfterLoadUITests;
			productReference = CD1086522184182F00B59D04 /* AfterLoadUITests.xctest */;
			productType = "com.apple.product-type.bundle.ui-testing";
		};
/* End PBXNativeTarget section */

/* Begin PBXProject section */
		CD1086272184182800B59D04 /* Project object */ = {
			isa = PBXProject;
			attributes = {
				LastUpgradeCheck = 0940;
				ORGANIZATIONNAME = "吕洪建";
				TargetAttributes = {
					CD10862E2184182800B59D04 = {
						CreatedOnToolsVersion = 9.4.1;
					};
					CD1086462184182F00B59D04 = {
						CreatedOnToolsVersion = 9.4.1;
						TestTargetID = CD10862E2184182800B59D04;
					};
					CD1086512184182F00B59D04 = {
						CreatedOnToolsVersion = 9.4.1;
						TestTargetID = CD10862E2184182800B59D04;
					};
				};
			};
			buildConfigurationList = CD10862A2184182800B59D04 /* Build configuration list for PBXProject "AfterLoad" */;
			compatibilityVersion = "Xcode 9.3";
			developmentRegion = en;
			hasScannedForEncodings = 0;
			knownRegions = (
				en,
				Base,
			);
			mainGroup = CD1086262184182800B59D04;
			productRefGroup = CD1086302184182800B59D04 /* Products */;
			projectDirPath = "";
			projectRoot = "";
			targets = (
				CD10862E2184182800B59D04 /* AfterLoad */,
				CD1086462184182F00B59D04 /* AfterLoadTests */,
				CD1086512184182F00B59D04 /* AfterLoadUITests */,
			);
		};
/* End PBXProject section */

/* Begin PBXResourcesBuildPhase section */
		CD10862D2184182800B59D04 /* Resources */ = {
			isa = PBXResourcesBuildPhase;
			buildActionMask = 2147483647;
			files = (
				CD10863F2184182F00B59D04 /* LaunchScreen.storyboard in Resources */,
				CD10863C2184182F00B59D04 /* Assets.xcassets in Resources */,
				CD10863A2184182800B59D04 /* Main.storyboard in Resources */,
			);
			runOnlyForDeploymentPostprocessing = 0;
		};
		CD1086452184182F00B59D04 /* Resources */ = {
			isa = PBXResourcesBuildPhase;
			buildActionMask = 2147483647;
			files = (
			);
			runOnlyForDeploymentPostprocessing = 0;
		};
		CD1086502184182F00B59D04 /* Resources */ = {
			isa = PBXResourcesBuildPhase;
			buildActionMask = 2147483647;
			files = (
			);
			runOnlyForDeploymentPostprocessing = 0;
		};
/* End PBXResourcesBuildPhase section */

/* Begin PBXSourcesBuildPhase section */
		CD10862B2184182800B59D04 /* Sources */ = {
			isa = PBXSourcesBuildPhase;
			buildActionMask = 2147483647;
			files = (
				CD1086372184182800B59D04 /* ViewController.m in Sources */,
				CD1086422184182F00B59D04 /* main.m in Sources */,
				CD1086342184182800B59D04 /* AppDelegate.m in Sources */,
			);
			runOnlyForDeploymentPostprocessing = 0;
		};
		CD1086432184182F00B59D04 /* Sources */ = {
			isa = PBXSourcesBuildPhase;
			buildActionMask = 2147483647;
			files = (
				CD10864C2184182F00B59D04 /* AfterLoadTests.m in Sources */,
			);
			runOnlyForDeploymentPostprocessing = 0;
		};
		CD10864E2184182F00B59D04 /* Sources */ = {
			isa = PBXSourcesBuildPhase;
			buildActionMask = 2147483647;
			files = (
				CD1086572184182F00B59D04 /* AfterLoadUITests.m in Sources */,
			);
			runOnlyForDeploymentPostprocessing = 0;
		};
/* End PBXSourcesBuildPhase section */

/* Begin PBXTargetDependency section */
		CD1086492184182F00B59D04 /* PBXTargetDependency */ = {
			isa = PBXTargetDependency;
			target = CD10862E2184182800B59D04 /* AfterLoad */;
			targetProxy = CD1086482184182F00B59D04 /* PBXContainerItemProxy */;
		};
		CD1086542184182F00B59D04 /* PBXTargetDependency */ = {
			isa = PBXTargetDependency;
			target = CD10862E2184182800B59D04 /* AfterLoad */;
			targetProxy = CD1086532184182F00B59D04 /* PBXContainerItemProxy */;
		};
/* End PBXTargetDependency section */

/* Begin PBXVariantGroup section */
		CD1086382184182800B59D04 /* Main.storyboard */ = {
			isa = PBXVariantGroup;
			children = (
				CD1086392184182800B59D04 /* Base */,
			);
			name = Main.storyboard;
			sourceTree = "<group>";
		};
		CD10863D2184182F00B59D04 /* LaunchScreen.storyboard */ = {
			isa = PBXVariantGroup;
			children = (
				CD10863E2184182F00B59D04 /* Base */,
			);
			name = LaunchScreen.storyboard;
			sourceTree = "<group>";
		};
/* End PBXVariantGroup section */

/* Begin XCBuildConfiguration section */
		CD1086592184182F00B59D04 /* Debug */ = {
			isa = XCBuildConfiguration;
			buildSettings = {
				ALWAYS_SEARCH_USER_PATHS = NO;
				CLANG_ANALYZER_NONNULL = YES;
				CLANG_ANALYZER_NUMBER_OBJECT_CONVERSION = YES_AGGRESSIVE;
				CLANG_CXX_LANGUAGE_STANDARD = "gnu++14";
				CLANG_CXX_LIBRARY = "libc++";
				CLANG_ENABLE_MODULES = YES;
				CLANG_ENABLE_OBJC_ARC = YES;
				CLANG_ENABLE_OBJC_WEAK = YES;
				CLANG_WARN_BLOCK_CAPTURE_AUTORELEASING = YES;
				CLANG_WARN_BOOL_CONVERSION = YES;
				CLANG_WARN_COMMA = YES;
				CLANG_WARN_CONSTANT_CONVERSION = YES;
				CLANG_WARN_DEPRECATED_OBJC_IMPLEMENTATIONS = YES;
				CLANG_WARN_DIRECT_OBJC_ISA_USAGE = YES_ERROR;
				CLANG_WARN_DOCUMENTATION_COMMENTS = YES;
				CLANG_WARN_EMPTY_BODY = YES;
				CLANG_WARN_ENUM_CONVERSION = YES;
				CLANG_WARN_INFINITE_RECURSION = YES;
				CLANG_WARN_INT_CONVERSION = YES;
				CLANG_WARN_NON_LITERAL_NULL_CONVERSION = YES;
				CLANG_WARN_OBJC_IMPLICIT_RETAIN_SELF = YES;
				CLANG_WARN_OBJC_LITERAL_CONVERSION = YES;
				CLANG_WARN_OBJC_ROOT_CLASS = YES_ERROR;
				CLANG_WARN_RANGE_LOOP_ANALYSIS = YES;
				CLANG_WARN_STRICT_PROTOTYPES = YES;
				CLANG_WARN_SUSPICIOUS_MOVE = YES;
				CLANG_WARN_UNGUARDED_AVAILABILITY = YES_AGGRESSIVE;
				CLANG_WARN_UNREACHABLE_CODE = YES;
				CLANG_WARN__DUPLICATE_METHOD_MATCH = YES;
				CODE_SIGN_IDENTITY = "iPhone Developer";
				COPY_PHASE_STRIP = NO;
				DEBUG_INFORMATION_FORMAT = dwarf;
				ENABLE_STRICT_OBJC_MSGSEND = YES;
				ENABLE_TESTABILITY = YES;
				GCC_C_LANGUAGE_STANDARD = gnu11;
				GCC_DYNAMIC_NO_PIC = NO;
				GCC_NO_COMMON_BLOCKS = YES;
				GCC_OPTIMIZATION_LEVEL = 0;
				GCC_PREPROCESSOR_DEFINITIONS = (
					"DEBUG=1",
					"$(inherited)",
				);
				GCC_WARN_64_TO_32_BIT_CONVERSION = YES;
				GCC_WARN_ABOUT_RETURN_TYPE = YES_ERROR;
				GCC_WARN_UNDECLARED_SELECTOR = YES;
				GCC_WARN_UNINITIALIZED_AUTOS = YES_AGGRESSIVE;
				GCC_WARN_UNUSED_FUNCTION = YES;
				GCC_WARN_UNUSED_VARIABLE = YES;
				IPHONEOS_DEPLOYMENT_TARGET = 11.4;
				MTL_ENABLE_DEBUG_INFO = YES;
				ONLY_ACTIVE_ARCH = YES;
				SDKROOT = iphoneos;
			};
			name = Debug;
		};
		CD10865A2184182F00B59D04 /* Release */ = {
			isa = XCBuildConfiguration;
			buildSettings = {
				ALWAYS_SEARCH_USER_PATHS = NO;
				CLANG_ANALYZER_NONNULL = YES;
				CLANG_ANALYZER_NUMBER_OBJECT_CONVERSION = YES_AGGRESSIVE;
				CLANG_CXX_LANGUAGE_STANDARD = "gnu++14";
				CLANG_CXX_LIBRARY = "libc++";
				CLANG_ENABLE_MODULES = YES;
				CLANG_ENABLE_OBJC_ARC = YES;
				CLANG_ENABLE_OBJC_WEAK = YES;
				CLANG_WARN_BLOCK_CAPTURE_AUTORELEASING = YES;
				CLANG_WARN_BOOL_CONVERSION = YES;
				CLANG_WARN_COMMA = YES;
				CLANG_WARN_CONSTANT_CONVERSION = YES;
				CLANG_WARN_DEPRECATED_OBJC_IMPLEMENTATIONS = YES;
				CLANG_WARN_DIRECT_OBJC_ISA_USAGE = YES_ERROR;
				CLANG_WARN_DOCUMENTATION_COMMENTS = YES;
				CLANG_WARN_EMPTY_BODY = YES;
				CLANG_WARN_ENUM_CONVERSION = YES;
				CLANG_WARN_INFINITE_RECURSION = YES;
				CLANG_WARN_INT_CONVERSION = YES;
				CLANG_WARN_NON_LITERAL_NULL_CONVERSION = YES;
				CLANG_WARN_OBJC_IMPLICIT_RETAIN_SELF = YES;
				CLANG_WARN_OBJC_LITERAL_CONVERSION = YES;
				CLANG_WARN_OBJC_ROOT_CLASS = YES_ERROR;
				CLANG_WARN_RANGE_LOOP_ANALYSIS = YES;
				CLANG_WARN_STRICT_PROTOTYPES = YES;
				CLANG_WARN_SUSPICIOUS_MOVE = YES;
				CLANG_WARN_UNGUARDED_AVAILABILITY = YES_AGGRESSIVE;
				CLANG_WARN_UNREACHABLE_CODE = YES;
				CLANG_WARN__DUPLICATE_METHOD_MATCH = YES;
				CODE_SIGN_IDENTITY = "iPhone Developer";
				COPY_PHASE_STRIP = NO;
				DEBUG_INFORMATION_FORMAT = "dwarf-with-dsym";
				ENABLE_NS_ASSERTIONS = NO;
				ENABLE_STRICT_OBJC_MSGSEND = YES;
				GCC_C_LANGUAGE_STANDARD = gnu11;
				GCC_NO_COMMON_BLOCKS = YES;
				GCC_WARN_64_TO_32_BIT_CONVERSION = YES;
				GCC_WARN_ABOUT_RETURN_TYPE = YES_ERROR;
				GCC_WARN_UNDECLARED_SELECTOR = YES;
				GCC_WARN_UNINITIALIZED_AUTOS = YES_AGGRESSIVE;
				GCC_WARN_UNUSED_FUNCTION = YES;
				GCC_WARN_UNUSED_VARIABLE = YES;
				IPHONEOS_DEPLOYMENT_TARGET = 11.4;
				MTL_ENABLE_DEBUG_INFO = NO;
				SDKROOT = iphoneos;
				VALIDATE_PRODUCT = YES;
			};
			name = Release;
		};
		CD10865C2184182F00B59D04 /* Debug */ = {
			isa = XCBuildConfiguration;
			buildSettings = {
				ASSETCATALOG_COMPILER_APPICON_NAME = AppIcon;
				CODE_SIGN_STYLE = Automatic;
				INFOPLIST_FILE = AfterLoad/Info.plist;
				IPHONEOS_DEPLOYMENT_TARGET = 9.0;
				LD_RUNPATH_SEARCH_PATHS = (
					"$(inherited)",
					"@executable_path/Frameworks",
				);
				PRODUCT_BUNDLE_IDENTIFIER = com.learn.AfterLoad;
				PRODUCT_NAME = "$(TARGET_NAME)";
				TARGETED_DEVICE_FAMILY = "1,2";
			};
			name = Debug;
		};
		CD10865D2184182F00B59D04 /* Release */ = {
			isa = XCBuildConfiguration;
			buildSettings = {
				ASSETCATALOG_COMPILER_APPICON_NAME = AppIcon;
				CODE_SIGN_STYLE = Automatic;
				INFOPLIST_FILE = AfterLoad/Info.plist;
				IPHONEOS_DEPLOYMENT_TARGET = 9.0;
				LD_RUNPATH_SEARCH_PATHS = (
					"$(inherited)",
					"@executable_path/Frameworks",
				);
				PRODUCT_BUNDLE_IDENTIFIER = com.learn.AfterLoad;
				PRODUCT_NAME = "$(TARGET_NAME)";
				TARGETED_DEVICE_FAMILY = "1,2";
			};
			name = Release;
		};
		CD10865F2184182F00B59D04 /* Debug */ = {
			isa = XCBuildConfiguration;
			buildSettings = {
				BUNDLE_LOADER = "$(TEST_HOST)";
				CODE_SIGN_STYLE = Automatic;
				INFOPLIST_FILE = AfterLoadTests/Info.plist;
				LD_RUNPATH_SEARCH_PATHS = (
					"$(inherited)",
					"@executable_path/Frameworks",
					"@loader_path/Frameworks",
				);
				PRODUCT_BUNDLE_IDENTIFIER = com.learn.AfterLoadTests;
				PRODUCT_NAME = "$(TARGET_NAME)";
				TARGETED_DEVICE_FAMILY = "1,2";
				TEST_HOST = "$(BUILT_PRODUCTS_DIR)/AfterLoad.app/AfterLoad";
			};
			name = Debug;
		};
		CD1086602184182F00B59D04 /* Release */ = {
			isa = XCBuildConfiguration;
			buildSettings = {
				BUNDLE_LOADER = "$(TEST_HOST)";
				CODE_SIGN_STYLE = Automatic;
				INFOPLIST_FILE = AfterLoadTests/Info.plist;
				LD_RUNPATH_SEARCH_PATHS = (
					"$(inherited)",
					"@executable_path/Frameworks",
					"@loader_path/Frameworks",
				);
				PRODUCT_BUNDLE_IDENTIFIER = com.learn.AfterLoadTests;
				PRODUCT_NAME = "$(TARGET_NAME)";
				TARGETED_DEVICE_FAMILY = "1,2";
				TEST_HOST = "$(BUILT_PRODUCTS_DIR)/AfterLoad.app/AfterLoad";
			};
			name = Release;
		};
		CD1086622184182F00B59D04 /* Debug */ = {
			isa = XCBuildConfiguration;
			buildSettings = {
				CODE_SIGN_STYLE = Automatic;
				INFOPLIST_FILE = AfterLoadUITests/Info.plist;
				LD_RUNPATH_SEARCH_PATHS = (
					"$(inherited)",
					"@executable_path/Frameworks",
					"@loader_path/Frameworks",
				);
				PRODUCT_BUNDLE_IDENTIFIER = com.learn.AfterLoadUITests;
				PRODUCT_NAME = "$(TARGET_NAME)";
				TARGETED_DEVICE_FAMILY = "1,2";
				TEST_TARGET_NAME = AfterLoad;
			};
			name = Debug;
		};
		CD1086632184182F00B59D04 /* Release */ = {
			isa = XCBuildConfiguration;
			buildSettings = {
				CODE_SIGN_STYLE = Automatic;
				INFOPLIST_FILE = AfterLoadUITests/Info.plist;
				LD_RUNPATH_SEARCH_PATHS = (
					"$(inherited)",
					"@executable_path/Frameworks",
					"@loader_path/Frameworks",
				);
				PRODUCT_BUNDLE_IDENTIFIER = com.learn.AfterLoadUITests;
				PRODUCT_NAME = "$(TARGET_NAME)";
				TARGETED_DEVICE_FAMILY = "1,2";
				TEST_TARGET_NAME = AfterLoad;
			};
			name = Release;
		};
/* End XCBuildConfiguration section */

/* Begin XCConfigurationList section */
		CD10862A2184182800B59D04 /* Build configuration list for PBXProject "AfterLoad" */ = {
			isa = XCConfigurationList;
			buildConfigurations = (
				CD1086592184182F00B59D04 /* Debug */,
				CD10865A2184182F00B59D04 /* Release */,
			);
			defaultConfigurationIsVisible = 0;
			defaultConfigurationName = Release;
		};
		CD10865B2184182F00B59D04 /* Build configuration list for PBXNativeTarget "AfterLoad" */ = {
			isa = XCConfigurationList;
			buildConfigurations = (
				CD10865C2184182F00B59D04 /* Debug */,
				CD10865D2184182F00B59D04 /* Release */,
			);
			defaultConfigurationIsVisible = 0;
			defaultConfigurationName = Release;
		};
		CD10865E2184182F00B59D04 /* Build configuration list for PBXNativeTarget "AfterLoadTests" */ = {
			isa = XCConfigurationList;
			buildConfigurations = (
				CD10865F2184182F00B59D04 /* Debug */,
				CD1086602184182F00B59D04 /* Release */,
			);
			defaultConfigurationIsVisible = 0;
			defaultConfigurationName = Release;
		};
		CD1086612184182F00B59D04 /* Build configuration list for PBXNativeTarget "AfterLoadUITests" */ = {
			isa = XCConfigurationList;
			buildConfigurations = (
				CD1086622184182F00B59D04 /* Debug */,
				CD1086632184182F00B59D04 /* Release */,
			);
			defaultConfigurationIsVisible = 0;
			defaultConfigurationName = Release;
		};
/* End XCConfigurationList section */
	};
	rootObject = CD1086272184182800B59D04 /* Project object */;
}
